// !$*UTF8*$!
{
	archiveVersion = 1;
	classes = {
	};
	objectVersion = 46;
	objects = {

/* Begin PBXBuildFile section */
		2152A2EA1C5D2FAA00B62AC8 /* Extensions.swift in Sources */ = {isa = PBXBuildFile; fileRef = 2152A2E91C5D2FAA00B62AC8 /* Extensions.swift */; };
		216D78FC1C5D3764007FD9DB /* Extensions.swift in Sources */ = {isa = PBXBuildFile; fileRef = 216D78FB1C5D3764007FD9DB /* Extensions.swift */; };
		2BB98F681C5D1A6A005B79A8 /* AppDelegate.swift in Sources */ = {isa = PBXBuildFile; fileRef = 2BB98F671C5D1A6A005B79A8 /* AppDelegate.swift */; };
		2BB98F6A1C5D1A6A005B79A8 /* ViewController.swift in Sources */ = {isa = PBXBuildFile; fileRef = 2BB98F691C5D1A6A005B79A8 /* ViewController.swift */; };
		2BB98F6D1C5D1A6A005B79A8 /* Main.storyboard in Resources */ = {isa = PBXBuildFile; fileRef = 2BB98F6B1C5D1A6A005B79A8 /* Main.storyboard */; };
		2BB98F6F1C5D1A6A005B79A8 /* Assets.xcassets in Resources */ = {isa = PBXBuildFile; fileRef = 2BB98F6E1C5D1A6A005B79A8 /* Assets.xcassets */; };
		2BB98F721C5D1A6A005B79A8 /* LaunchScreen.storyboard in Resources */ = {isa = PBXBuildFile; fileRef = 2BB98F701C5D1A6A005B79A8 /* LaunchScreen.storyboard */; };
		2BB98F7D1C5D1A6B005B79A8 /* HCExperienceTests.swift in Sources */ = {isa = PBXBuildFile; fileRef = 2BB98F7C1C5D1A6B005B79A8 /* HCExperienceTests.swift */; };
		2BB98F881C5D1A6B005B79A8 /* HCExperienceUITests.swift in Sources */ = {isa = PBXBuildFile; fileRef = 2BB98F871C5D1A6B005B79A8 /* HCExperienceUITests.swift */; };
		2BB98F991C5D2209005B79A8 /* HCEGame.swift in Sources */ = {isa = PBXBuildFile; fileRef = 2BB98F981C5D2209005B79A8 /* HCEGame.swift */; };
/* End PBXBuildFile section */

/* Begin PBXContainerItemProxy section */
		2BB98F791C5D1A6B005B79A8 /* PBXContainerItemProxy */ = {
			isa = PBXContainerItemProxy;
			containerPortal = 2BB98F5C1C5D1A6A005B79A8 /* Project object */;
			proxyType = 1;
			remoteGlobalIDString = 2BB98F631C5D1A6A005B79A8;
			remoteInfo = HCExperience;
		};
		2BB98F841C5D1A6B005B79A8 /* PBXContainerItemProxy */ = {
			isa = PBXContainerItemProxy;
			containerPortal = 2BB98F5C1C5D1A6A005B79A8 /* Project object */;
			proxyType = 1;
			remoteGlobalIDString = 2BB98F631C5D1A6A005B79A8;
			remoteInfo = HCExperience;
		};
/* End PBXContainerItemProxy section */

/* Begin PBXFileReference section */
		2152A2E91C5D2FAA00B62AC8 /* Extensions.swift */ = {isa = PBXFileReference; fileEncoding = 4; lastKnownFileType = sourcecode.swift; path = Extensions.swift; sourceTree = "<group>"; };
		216D78FB1C5D3764007FD9DB /* Extensions.swift */ = {isa = PBXFileReference; fileEncoding = 4; lastKnownFileType = sourcecode.swift; path = Extensions.swift; sourceTree = "<group>"; };
		2BB98F641C5D1A6A005B79A8 /* HCExperience.app */ = {isa = PBXFileReference; explicitFileType = wrapper.application; includeInIndex = 0; path = HCExperience.app; sourceTree = BUILT_PRODUCTS_DIR; };
		2BB98F671C5D1A6A005B79A8 /* AppDelegate.swift */ = {isa = PBXFileReference; lastKnownFileType = sourcecode.swift; path = AppDelegate.swift; sourceTree = "<group>"; };
		2BB98F691C5D1A6A005B79A8 /* ViewController.swift */ = {isa = PBXFileReference; lastKnownFileType = sourcecode.swift; path = ViewController.swift; sourceTree = "<group>"; };
		2BB98F6C1C5D1A6A005B79A8 /* Base */ = {isa = PBXFileReference; lastKnownFileType = file.storyboard; name = Base; path = Base.lproj/Main.storyboard; sourceTree = "<group>"; };
		2BB98F6E1C5D1A6A005B79A8 /* Assets.xcassets */ = {isa = PBXFileReference; lastKnownFileType = folder.assetcatalog; path = Assets.xcassets; sourceTree = "<group>"; };
		2BB98F711C5D1A6A005B79A8 /* Base */ = {isa = PBXFileReference; lastKnownFileType = file.storyboard; name = Base; path = Base.lproj/LaunchScreen.storyboard; sourceTree = "<group>"; };
		2BB98F731C5D1A6A005B79A8 /* Info.plist */ = {isa = PBXFileReference; lastKnownFileType = text.plist.xml; path = Info.plist; sourceTree = "<group>"; };
		2BB98F781C5D1A6B005B79A8 /* HCExperienceTests.xctest */ = {isa = PBXFileReference; explicitFileType = wrapper.cfbundle; includeInIndex = 0; path = HCExperienceTests.xctest; sourceTree = BUILT_PRODUCTS_DIR; };
		2BB98F7C1C5D1A6B005B79A8 /* HCExperienceTests.swift */ = {isa = PBXFileReference; lastKnownFileType = sourcecode.swift; path = HCExperienceTests.swift; sourceTree = "<group>"; };
		2BB98F7E1C5D1A6B005B79A8 /* Info.plist */ = {isa = PBXFileReference; lastKnownFileType = text.plist.xml; path = Info.plist; sourceTree = "<group>"; };
		2BB98F831C5D1A6B005B79A8 /* HCExperienceUITests.xctest */ = {isa = PBXFileReference; explicitFileType = wrapper.cfbundle; includeInIndex = 0; path = HCExperienceUITests.xctest; sourceTree = BUILT_PRODUCTS_DIR; };
		2BB98F871C5D1A6B005B79A8 /* HCExperienceUITests.swift */ = {isa = PBXFileReference; lastKnownFileType = sourcecode.swift; path = HCExperienceUITests.swift; sourceTree = "<group>"; };
		2BB98F891C5D1A6B005B79A8 /* Info.plist */ = {isa = PBXFileReference; lastKnownFileType = text.plist.xml; path = Info.plist; sourceTree = "<group>"; };
		2BB98F981C5D2209005B79A8 /* HCEGame.swift */ = {isa = PBXFileReference; fileEncoding = 4; lastKnownFileType = sourcecode.swift; path = HCEGame.swift; sourceTree = "<group>"; };
		2BB98F9A1C5D2C44005B79A8 /* HCELevel.swift */ = {isa = PBXFileReference; fileEncoding = 4; lastKnownFileType = sourcecode.swift; path = HCELevel.swift; sourceTree = "<group>"; };
/* End PBXFileReference section */

/* Begin PBXFrameworksBuildPhase section */
		2BB98F611C5D1A6A005B79A8 /* Frameworks */ = {
			isa = PBXFrameworksBuildPhase;
			buildActionMask = 2147483647;
			files = (
			);
			runOnlyForDeploymentPostprocessing = 0;
		};
		2BB98F751C5D1A6B005B79A8 /* Frameworks */ = {
			isa = PBXFrameworksBuildPhase;
			buildActionMask = 2147483647;
			files = (
			);
			runOnlyForDeploymentPostprocessing = 0;
		};
		2BB98F801C5D1A6B005B79A8 /* Frameworks */ = {
			isa = PBXFrameworksBuildPhase;
			buildActionMask = 2147483647;
			files = (
			);
			runOnlyForDeploymentPostprocessing = 0;
		};
/* End PBXFrameworksBuildPhase section */

/* Begin PBXGroup section */
		2BB98F5B1C5D1A6A005B79A8 = {
			isa = PBXGroup;
			children = (
				2BB98F661C5D1A6A005B79A8 /* HCExperience */,
				2BB98F7B1C5D1A6B005B79A8 /* HCExperienceTests */,
				2BB98F861C5D1A6B005B79A8 /* HCExperienceUITests */,
				2BB98F651C5D1A6A005B79A8 /* Products */,
			);
			sourceTree = "<group>";
		};
		2BB98F651C5D1A6A005B79A8 /* Products */ = {
			isa = PBXGroup;
			children = (
				2BB98F641C5D1A6A005B79A8 /* HCExperience.app */,
				2BB98F781C5D1A6B005B79A8 /* HCExperienceTests.xctest */,
				2BB98F831C5D1A6B005B79A8 /* HCExperienceUITests.xctest */,
			);
			name = Products;
			sourceTree = "<group>";
		};
		2BB98F661C5D1A6A005B79A8 /* HCExperience */ = {
			isa = PBXGroup;
			children = (
				2BB98F971C5D1E51005B79A8 /* Controller */,
				2BB98F961C5D1E4C005B79A8 /* View */,
				2BB98F951C5D1E46005B79A8 /* Model */,
				2BB98F731C5D1A6A005B79A8 /* Info.plist */,
			);
			path = HCExperience;
			sourceTree = "<group>";
		};
		2BB98F7B1C5D1A6B005B79A8 /* HCExperienceTests */ = {
			isa = PBXGroup;
			children = (
				2BB98F7C1C5D1A6B005B79A8 /* HCExperienceTests.swift */,
				2BB98F7E1C5D1A6B005B79A8 /* Info.plist */,
			);
			path = HCExperienceTests;
			sourceTree = "<group>";
		};
		2BB98F861C5D1A6B005B79A8 /* HCExperienceUITests */ = {
			isa = PBXGroup;
			children = (
				2BB98F871C5D1A6B005B79A8 /* HCExperienceUITests.swift */,
				2BB98F891C5D1A6B005B79A8 /* Info.plist */,
			);
			path = HCExperienceUITests;
			sourceTree = "<group>";
		};
		2BB98F951C5D1E46005B79A8 /* Model */ = {
			isa = PBXGroup;
			children = (
				216D78FB1C5D3764007FD9DB /* Extensions.swift */,
				2BB98F981C5D2209005B79A8 /* HCEGame.swift */,
				2BB98F9A1C5D2C44005B79A8 /* HCELevel.swift */,
			);
			name = Model;
			sourceTree = "<group>";
		};
		2BB98F961C5D1E4C005B79A8 /* View */ = {
			isa = PBXGroup;
			children = (
				2BB98F6B1C5D1A6A005B79A8 /* Main.storyboard */,
				2BB98F6E1C5D1A6A005B79A8 /* Assets.xcassets */,
				2BB98F701C5D1A6A005B79A8 /* LaunchScreen.storyboard */,
			);
			name = View;
			sourceTree = "<group>";
		};
		2BB98F971C5D1E51005B79A8 /* Controller */ = {
			isa = PBXGroup;
			children = (
				2BB98F671C5D1A6A005B79A8 /* AppDelegate.swift */,
				2BB98F691C5D1A6A005B79A8 /* ViewController.swift */,
			);
			name = Controller;
			sourceTree = "<group>";
		};
/* End PBXGroup section */

/* Begin PBXNativeTarget section */
		2BB98F631C5D1A6A005B79A8 /* HCExperience */ = {
			isa = PBXNativeTarget;
			buildConfigurationList = 2BB98F8C1C5D1A6B005B79A8 /* Build configuration list for PBXNativeTarget "HCExperience" */;
			buildPhases = (
				2BB98F601C5D1A6A005B79A8 /* Sources */,
				2BB98F611C5D1A6A005B79A8 /* Frameworks */,
				2BB98F621C5D1A6A005B79A8 /* Resources */,
			);
			buildRules = (
			);
			dependencies = (
			);
			name = HCExperience;
			productName = HCExperience;
			productReference = 2BB98F641C5D1A6A005B79A8 /* HCExperience.app */;
			productType = "com.apple.product-type.application";
		};
		2BB98F771C5D1A6B005B79A8 /* HCExperienceTests */ = {
			isa = PBXNativeTarget;
			buildConfigurationList = 2BB98F8F1C5D1A6B005B79A8 /* Build configuration list for PBXNativeTarget "HCExperienceTests" */;
			buildPhases = (
				2BB98F741C5D1A6B005B79A8 /* Sources */,
				2BB98F751C5D1A6B005B79A8 /* Frameworks */,
				2BB98F761C5D1A6B005B79A8 /* Resources */,
			);
			buildRules = (
			);
			dependencies = (
				2BB98F7A1C5D1A6B005B79A8 /* PBXTargetDependency */,
			);
			name = HCExperienceTests;
			productName = HCExperienceTests;
			productReference = 2BB98F781C5D1A6B005B79A8 /* HCExperienceTests.xctest */;
			productType = "com.apple.product-type.bundle.unit-test";
		};
		2BB98F821C5D1A6B005B79A8 /* HCExperienceUITests */ = {
			isa = PBXNativeTarget;
			buildConfigurationList = 2BB98F921C5D1A6B005B79A8 /* Build configuration list for PBXNativeTarget "HCExperienceUITests" */;
			buildPhases = (
				2BB98F7F1C5D1A6B005B79A8 /* Sources */,
				2BB98F801C5D1A6B005B79A8 /* Frameworks */,
				2BB98F811C5D1A6B005B79A8 /* Resources */,
			);
			buildRules = (
			);
			dependencies = (
				2BB98F851C5D1A6B005B79A8 /* PBXTargetDependency */,
			);
			name = HCExperienceUITests;
			productName = HCExperienceUITests;
			productReference = 2BB98F831C5D1A6B005B79A8 /* HCExperienceUITests.xctest */;
			productType = "com.apple.product-type.bundle.ui-testing";
		};
/* End PBXNativeTarget section */

/* Begin PBXProject section */
		2BB98F5C1C5D1A6A005B79A8 /* Project object */ = {
			isa = PBXProject;
			attributes = {
				LastSwiftUpdateCheck = 0720;
				LastUpgradeCheck = 0720;
				TargetAttributes = {
					2BB98F631C5D1A6A005B79A8 = {
						CreatedOnToolsVersion = 7.2;
					};
					2BB98F771C5D1A6B005B79A8 = {
						CreatedOnToolsVersion = 7.2;
						TestTargetID = 2BB98F631C5D1A6A005B79A8;
					};
					2BB98F821C5D1A6B005B79A8 = {
						CreatedOnToolsVersion = 7.2;
						TestTargetID = 2BB98F631C5D1A6A005B79A8;
					};
				};
			};
			buildConfigurationList = 2BB98F5F1C5D1A6A005B79A8 /* Build configuration list for PBXProject "HCExperience" */;
			compatibilityVersion = "Xcode 3.2";
			developmentRegion = English;
			hasScannedForEncodings = 0;
			knownRegions = (
				en,
				Base,
			);
			mainGroup = 2BB98F5B1C5D1A6A005B79A8;
			productRefGroup = 2BB98F651C5D1A6A005B79A8 /* Products */;
			projectDirPath = "";
			projectRoot = "";
			targets = (
				2BB98F631C5D1A6A005B79A8 /* HCExperience */,
				2BB98F771C5D1A6B005B79A8 /* HCExperienceTests */,
				2BB98F821C5D1A6B005B79A8 /* HCExperienceUITests */,
			);
		};
/* End PBXProject section */

/* Begin PBXResourcesBuildPhase section */
		2BB98F621C5D1A6A005B79A8 /* Resources */ = {
			isa = PBXResourcesBuildPhase;
			buildActionMask = 2147483647;
			files = (
				2BB98F721C5D1A6A005B79A8 /* LaunchScreen.storyboard in Resources */,
				2BB98F6F1C5D1A6A005B79A8 /* Assets.xcassets in Resources */,
				2BB98F6D1C5D1A6A005B79A8 /* Main.storyboard in Resources */,
			);
			runOnlyForDeploymentPostprocessing = 0;
		};
		2BB98F761C5D1A6B005B79A8 /* Resources */ = {
			isa = PBXResourcesBuildPhase;
			buildActionMask = 2147483647;
			files = (
			);
			runOnlyForDeploymentPostprocessing = 0;
		};
		2BB98F811C5D1A6B005B79A8 /* Resources */ = {
			isa = PBXResourcesBuildPhase;
			buildActionMask = 2147483647;
			files = (
			);
			runOnlyForDeploymentPostprocessing = 0;
		};
/* End PBXResourcesBuildPhase section */

/* Begin PBXSourcesBuildPhase section */
		2BB98F601C5D1A6A005B79A8 /* Sources */ = {
			isa = PBXSourcesBuildPhase;
			buildActionMask = 2147483647;
			files = (
				216D78FC1C5D3764007FD9DB /* Extensions.swift in Sources */,
				2BB98F6A1C5D1A6A005B79A8 /* ViewController.swift in Sources */,
				2152A2EA1C5D2FAA00B62AC8 /* Extensions.swift in Sources */,
				2BB98F681C5D1A6A005B79A8 /* AppDelegate.swift in Sources */,
				2BB98F991C5D2209005B79A8 /* HCEGame.swift in Sources */,
			);
			runOnlyForDeploymentPostprocessing = 0;
		};
		2BB98F741C5D1A6B005B79A8 /* Sources */ = {
			isa = PBXSourcesBuildPhase;
			buildActionMask = 2147483647;
			files = (
				2BB98F7D1C5D1A6B005B79A8 /* HCExperienceTests.swift in Sources */,
			);
			runOnlyForDeploymentPostprocessing = 0;
		};
		2BB98F7F1C5D1A6B005B79A8 /* Sources */ = {
			isa = PBXSourcesBuildPhase;
			buildActionMask = 2147483647;
			files = (
				2BB98F881C5D1A6B005B79A8 /* HCExperienceUITests.swift in Sources */,
			);
			runOnlyForDeploymentPostprocessing = 0;
		};
/* End PBXSourcesBuildPhase section */

/* Begin PBXTargetDependency section */
		2BB98F7A1C5D1A6B005B79A8 /* PBXTargetDependency */ = {
			isa = PBXTargetDependency;
			target = 2BB98F631C5D1A6A005B79A8 /* HCExperience */;
			targetProxy = 2BB98F791C5D1A6B005B79A8 /* PBXContainerItemProxy */;
		};
		2BB98F851C5D1A6B005B79A8 /* PBXTargetDependency */ = {
			isa = PBXTargetDependency;
			target = 2BB98F631C5D1A6A005B79A8 /* HCExperience */;
			targetProxy = 2BB98F841C5D1A6B005B79A8 /* PBXContainerItemProxy */;
		};
/* End PBXTargetDependency section */

/* Begin PBXVariantGroup section */
		2BB98F6B1C5D1A6A005B79A8 /* Main.storyboard */ = {
			isa = PBXVariantGroup;
			children = (
				2BB98F6C1C5D1A6A005B79A8 /* Base */,
			);
			name = Main.storyboard;
			sourceTree = "<group>";
		};
		2BB98F701C5D1A6A005B79A8 /* LaunchScreen.storyboard */ = {
			isa = PBXVariantGroup;
			children = (
				2BB98F711C5D1A6A005B79A8 /* Base */,
			);
			name = LaunchScreen.storyboard;
			sourceTree = "<group>";
		};
/* End PBXVariantGroup section */

/* Begin XCBuildConfiguration section */
		2BB98F8A1C5D1A6B005B79A8 /* Debug */ = {
			isa = XCBuildConfiguration;
			buildSettings = {
				ALWAYS_SEARCH_USER_PATHS = NO;
				CLANG_CXX_LANGUAGE_STANDARD = "gnu++0x";
				CLANG_CXX_LIBRARY = "libc++";
				CLANG_ENABLE_MODULES = YES;
				CLANG_ENABLE_OBJC_ARC = YES;
				CLANG_WARN_BOOL_CONVERSION = YES;
				CLANG_WARN_CONSTANT_CONVERSION = YES;
				CLANG_WARN_DIRECT_OBJC_ISA_USAGE = YES_ERROR;
				CLANG_WARN_EMPTY_BODY = YES;
				CLANG_WARN_ENUM_CONVERSION = YES;
				CLANG_WARN_INT_CONVERSION = YES;
				CLANG_WARN_OBJC_ROOT_CLASS = YES_ERROR;
				CLANG_WARN_UNREACHABLE_CODE = YES;
				CLANG_WARN__DUPLICATE_METHOD_MATCH = YES;
				"CODE_SIGN_IDENTITY[sdk=iphoneos*]" = "iPhone Developer";
				COPY_PHASE_STRIP = NO;
				DEBUG_INFORMATION_FORMAT = dwarf;
				ENABLE_STRICT_OBJC_MSGSEND = YES;
				ENABLE_TESTABILITY = YES;
				GCC_C_LANGUAGE_STANDARD = gnu99;
				GCC_DYNAMIC_NO_PIC = NO;
				GCC_NO_COMMON_BLOCKS = YES;
				GCC_OPTIMIZATION_LEVEL = 0;
				GCC_PREPROCESSOR_DEFINITIONS = (
					"DEBUG=1",
					"$(inherited)",
				);
				GCC_WARN_64_TO_32_BIT_CONVERSION = YES;
				GCC_WARN_ABOUT_RETURN_TYPE = YES_ERROR;
				GCC_WARN_UNDECLARED_SELECTOR = YES;
				GCC_WARN_UNINITIALIZED_AUTOS = YES_AGGRESSIVE;
				GCC_WARN_UNUSED_FUNCTION = YES;
				GCC_WARN_UNUSED_VARIABLE = YES;
				IPHONEOS_DEPLOYMENT_TARGET = 9.2;
				MTL_ENABLE_DEBUG_INFO = YES;
				ONLY_ACTIVE_ARCH = YES;
				SDKROOT = iphoneos;
				SWIFT_OPTIMIZATION_LEVEL = "-Onone";
				TARGETED_DEVICE_FAMILY = "1,2";
			};
			name = Debug;
		};
		2BB98F8B1C5D1A6B005B79A8 /* Release */ = {
			isa = XCBuildConfiguration;
			buildSettings = {
				ALWAYS_SEARCH_USER_PATHS = NO;
				CLANG_CXX_LANGUAGE_STANDARD = "gnu++0x";
				CLANG_CXX_LIBRARY = "libc++";
				CLANG_ENABLE_MODULES = YES;
				CLANG_ENABLE_OBJC_ARC = YES;
				CLANG_WARN_BOOL_CONVERSION = YES;
				CLANG_WARN_CONSTANT_CONVERSION = YES;
				CLANG_WARN_DIRECT_OBJC_ISA_USAGE = YES_ERROR;
				CLANG_WARN_EMPTY_BODY = YES;
				CLANG_WARN_ENUM_CONVERSION = YES;
				CLANG_WARN_INT_CONVERSION = YES;
				CLANG_WARN_OBJC_ROOT_CLASS = YES_ERROR;
				CLANG_WARN_UNREACHABLE_CODE = YES;
				CLANG_WARN__DUPLICATE_METHOD_MATCH = YES;
				"CODE_SIGN_IDENTITY[sdk=iphoneos*]" = "iPhone Developer";
				COPY_PHASE_STRIP = NO;
				DEBUG_INFORMATION_FORMAT = "dwarf-with-dsym";
				ENABLE_NS_ASSERTIONS = NO;
				ENABLE_STRICT_OBJC_MSGSEND = YES;
				GCC_C_LANGUAGE_STANDARD = gnu99;
				GCC_NO_COMMON_BLOCKS = YES;
				GCC_WARN_64_TO_32_BIT_CONVERSION = YES;
				GCC_WARN_ABOUT_RETURN_TYPE = YES_ERROR;
				GCC_WARN_UNDECLARED_SELECTOR = YES;
				GCC_WARN_UNINITIALIZED_AUTOS = YES_AGGRESSIVE;
				GCC_WARN_UNUSED_FUNCTION = YES;
				GCC_WARN_UNUSED_VARIABLE = YES;
				IPHONEOS_DEPLOYMENT_TARGET = 9.2;
				MTL_ENABLE_DEBUG_INFO = NO;
				SDKROOT = iphoneos;
				TARGETED_DEVICE_FAMILY = "1,2";
				VALIDATE_PRODUCT = YES;
			};
			name = Release;
		};
		2BB98F8D1C5D1A6B005B79A8 /* Debug */ = {
			isa = XCBuildConfiguration;
			buildSettings = {
				ASSETCATALOG_COMPILER_APPICON_NAME = AppIcon;
				INFOPLIST_FILE = HCExperience/Info.plist;
				IPHONEOS_DEPLOYMENT_TARGET = 9.0;
				LD_RUNPATH_SEARCH_PATHS = "$(inherited) @executable_path/Frameworks";
				PRODUCT_BUNDLE_IDENTIFIER = com.hackcambridge.HCExperience;
				PRODUCT_NAME = "$(TARGET_NAME)";
			};
			name = Debug;
		};
		2BB98F8E1C5D1A6B005B79A8 /* Release */ = {
			isa = XCBuildConfiguration;
			buildSettings = {
				ASSETCATALOG_COMPILER_APPICON_NAME = AppIcon;
				INFOPLIST_FILE = HCExperience/Info.plist;
				IPHONEOS_DEPLOYMENT_TARGET = 9.0;
				LD_RUNPATH_SEARCH_PATHS = "$(inherited) @executable_path/Frameworks";
				PRODUCT_BUNDLE_IDENTIFIER = com.hackcambridge.HCExperience;
				PRODUCT_NAME = "$(TARGET_NAME)";
			};
			name = Release;
		};
		2BB98F901C5D1A6B005B79A8 /* Debug */ = {
			isa = XCBuildConfiguration;
			buildSettings = {
				BUNDLE_LOADER = "$(TEST_HOST)";
				INFOPLIST_FILE = HCExperienceTests/Info.plist;
				LD_RUNPATH_SEARCH_PATHS = "$(inherited) @executable_path/Frameworks @loader_path/Frameworks";
				PRODUCT_BUNDLE_IDENTIFIER = com.hackcambridge.HCExperienceTests;
				PRODUCT_NAME = "$(TARGET_NAME)";
				TEST_HOST = "$(BUILT_PRODUCTS_DIR)/HCExperience.app/HCExperience";
			};
			name = Debug;
		};
		2BB98F911C5D1A6B005B79A8 /* Release */ = {
			isa = XCBuildConfiguration;
			buildSettings = {
				BUNDLE_LOADER = "$(TEST_HOST)";
				INFOPLIST_FILE = HCExperienceTests/Info.plist;
				LD_RUNPATH_SEARCH_PATHS = "$(inherited) @executable_path/Frameworks @loader_path/Frameworks";
				PRODUCT_BUNDLE_IDENTIFIER = com.hackcambridge.HCExperienceTests;
				PRODUCT_NAME = "$(TARGET_NAME)";
				TEST_HOST = "$(BUILT_PRODUCTS_DIR)/HCExperience.app/HCExperience";
			};
			name = Release;
		};
		2BB98F931C5D1A6B005B79A8 /* Debug */ = {
			isa = XCBuildConfiguration;
			buildSettings = {
				INFOPLIST_FILE = HCExperienceUITests/Info.plist;
				LD_RUNPATH_SEARCH_PATHS = "$(inherited) @executable_path/Frameworks @loader_path/Frameworks";
				PRODUCT_BUNDLE_IDENTIFIER = com.hackcambridge.HCExperienceUITests;
				PRODUCT_NAME = "$(TARGET_NAME)";
				TEST_TARGET_NAME = HCExperience;
				USES_XCTRUNNER = YES;
			};
			name = Debug;
		};
		2BB98F941C5D1A6B005B79A8 /* Release */ = {
			isa = XCBuildConfiguration;
			buildSettings = {
				INFOPLIST_FILE = HCExperienceUITests/Info.plist;
				LD_RUNPATH_SEARCH_PATHS = "$(inherited) @executable_path/Frameworks @loader_path/Frameworks";
				PRODUCT_BUNDLE_IDENTIFIER = com.hackcambridge.HCExperienceUITests;
				PRODUCT_NAME = "$(TARGET_NAME)";
				TEST_TARGET_NAME = HCExperience;
				USES_XCTRUNNER = YES;
			};
			name = Release;
		};
/* End XCBuildConfiguration section */

/* Begin XCConfigurationList section */
		2BB98F5F1C5D1A6A005B79A8 /* Build configuration list for PBXProject "HCExperience" */ = {
			isa = XCConfigurationList;
			buildConfigurations = (
				2BB98F8A1C5D1A6B005B79A8 /* Debug */,
				2BB98F8B1C5D1A6B005B79A8 /* Release */,
			);
			defaultConfigurationIsVisible = 0;
			defaultConfigurationName = Release;
		};
		2BB98F8C1C5D1A6B005B79A8 /* Build configuration list for PBXNativeTarget "HCExperience" */ = {
			isa = XCConfigurationList;
			buildConfigurations = (
				2BB98F8D1C5D1A6B005B79A8 /* Debug */,
				2BB98F8E1C5D1A6B005B79A8 /* Release */,
			);
			defaultConfigurationIsVisible = 0;
			defaultConfigurationName = Release;
		};
		2BB98F8F1C5D1A6B005B79A8 /* Build configuration list for PBXNativeTarget "HCExperienceTests" */ = {
			isa = XCConfigurationList;
			buildConfigurations = (
				2BB98F901C5D1A6B005B79A8 /* Debug */,
				2BB98F911C5D1A6B005B79A8 /* Release */,
			);
			defaultConfigurationIsVisible = 0;
			defaultConfigurationName = Release;
		};
		2BB98F921C5D1A6B005B79A8 /* Build configuration list for PBXNativeTarget "HCExperienceUITests" */ = {
			isa = XCConfigurationList;
			buildConfigurations = (
				2BB98F931C5D1A6B005B79A8 /* Debug */,
				2BB98F941C5D1A6B005B79A8 /* Release */,
			);
			defaultConfigurationIsVisible = 0;
			defaultConfigurationName = Release;
		};
/* End XCConfigurationList section */
	};
	rootObject = 2BB98F5C1C5D1A6A005B79A8 /* Project object */;
}
